
Microsoft Visual Studio Solution File, Format Version 12.00
# Visual Studio Version 17
VisualStudioVersion = 17.6.33829.357
MinimumVisualStudioVersion = 10.0.40219.1
Project("{FAE04EC0-301F-11D3-BF4B-00C04F79EFBC}") = "InterviewMalabar", "InterviewMalabar\InterviewMalabar.csproj", "{3617BE60-1FBB-410A-8F80-9B42F9593959}"
EndProject
Global
	GlobalSection(SolutionConfigurationPlatforms) = preSolution
		Debug|Any CPU = Debug|Any CPU
		Release|Any CPU = Release|Any CPU
	EndGlobalSection
	GlobalSection(ProjectConfigurationPlatforms) = postSolution
		{3617BE60-1FBB-410A-8F80-9B42F9593959}.Debug|Any CPU.ActiveCfg = Debug|Any CPU
		{3617BE60-1FBB-410A-8F80-9B42F9593959}.Debug|Any CPU.Build.0 = Debug|Any CPU
		{3617BE60-1FBB-410A-8F80-9B42F9593959}.Release|Any CPU.ActiveCfg = Release|Any CPU
		{3617BE60-1FBB-410A-8F80-9B42F9593959}.Release|Any CPU.Build.0 = Release|Any CPU
	EndGlobalSection
	GlobalSection(SolutionProperties) = preSolution
		HideSolutionNode = FALSE
	EndGlobalSection
	GlobalSection(ExtensibilityGlobals) = postSolution
		SolutionGuid = {FB6623CD-5062-4136-AAEA-558DC82C9A62}
	EndGlobalSection
EndGlobal
